
Microsoft Visual Studio Solution File, Format Version 12.00
# Visual Studio 15
VisualStudioVersion = 15.0.26124.0
MinimumVisualStudioVersion = 15.0.26124.0
Project("{2150E333-8FDC-42A3-9474-1A3956D46DE8}") = "src", "src", "{F8A65376-FA8F-4340-BD5F-1A223884155D}"
EndProject
Project("{FAE04EC0-301F-11D3-BF4B-00C04F79EFBC}") = "ParOuImpar.ConsoleApp", "src\ParOuImpar.ConsoleApp\ParOuImpar.ConsoleApp.csproj", "{BF092D5E-40DD-4815-82E3-5051247F7E69}"
EndProject
Global
	GlobalSection(SolutionConfigurationPlatforms) = preSolution
		Debug|Any CPU = Debug|Any CPU
		Debug|x64 = Debug|x64
		Debug|x86 = Debug|x86
		Release|Any CPU = Release|Any CPU
		Release|x64 = Release|x64
		Release|x86 = Release|x86
	EndGlobalSection
	GlobalSection(SolutionProperties) = preSolution
		HideSolutionNode = FALSE
	EndGlobalSection
	GlobalSection(ProjectConfigurationPlatforms) = postSolution
		{BF092D5E-40DD-4815-82E3-5051247F7E69}.Debug|Any CPU.ActiveCfg = Debug|Any CPU
		{BF092D5E-40DD-4815-82E3-5051247F7E69}.Debug|Any CPU.Build.0 = Debug|Any CPU
		{BF092D5E-40DD-4815-82E3-5051247F7E69}.Debug|x64.ActiveCfg = Debug|Any CPU
		{BF092D5E-40DD-4815-82E3-5051247F7E69}.Debug|x64.Build.0 = Debug|Any CPU
		{BF092D5E-40DD-4815-82E3-5051247F7E69}.Debug|x86.ActiveCfg = Debug|Any CPU
		{BF092D5E-40DD-4815-82E3-5051247F7E69}.Debug|x86.Build.0 = Debug|Any CPU
		{BF092D5E-40DD-4815-82E3-5051247F7E69}.Release|Any CPU.ActiveCfg = Release|Any CPU
		{BF092D5E-40DD-4815-82E3-5051247F7E69}.Release|Any CPU.Build.0 = Release|Any CPU
		{BF092D5E-40DD-4815-82E3-5051247F7E69}.Release|x64.ActiveCfg = Release|Any CPU
		{BF092D5E-40DD-4815-82E3-5051247F7E69}.Release|x64.Build.0 = Release|Any CPU
		{BF092D5E-40DD-4815-82E3-5051247F7E69}.Release|x86.ActiveCfg = Release|Any CPU
		{BF092D5E-40DD-4815-82E3-5051247F7E69}.Release|x86.Build.0 = Release|Any CPU
	EndGlobalSection
	GlobalSection(NestedProjects) = preSolution
		{BF092D5E-40DD-4815-82E3-5051247F7E69} = {F8A65376-FA8F-4340-BD5F-1A223884155D}
	EndGlobalSection
EndGlobal
